
Microsoft Visual Studio Solution File, Format Version 12.00
# Visual Studio Version 17
VisualStudioVersion = 17.3.32819.101
MinimumVisualStudioVersion = 10.0.40219.1
Project("{FAE04EC0-301F-11D3-BF4B-00C04F79EFBC}") = "TugasAkhir", "TugasAkhir\TugasAkhir.csproj", "{7F5751AC-A702-4F5B-9158-1F837B2E9B7C}"
EndProject
Global
	GlobalSection(SolutionConfigurationPlatforms) = preSolution
		Debug|Any CPU = Debug|Any CPU
		Release|Any CPU = Release|Any CPU
	EndGlobalSection
	GlobalSection(ProjectConfigurationPlatforms) = postSolution
		{7F5751AC-A702-4F5B-9158-1F837B2E9B7C}.Debug|Any CPU.ActiveCfg = Debug|Any CPU
		{7F5751AC-A702-4F5B-9158-1F837B2E9B7C}.Debug|Any CPU.Build.0 = Debug|Any CPU
		{7F5751AC-A702-4F5B-9158-1F837B2E9B7C}.Release|Any CPU.ActiveCfg = Release|Any CPU
		{7F5751AC-A702-4F5B-9158-1F837B2E9B7C}.Release|Any CPU.Build.0 = Release|Any CPU
	EndGlobalSection
	GlobalSection(SolutionProperties) = preSolution
		HideSolutionNode = FALSE
	EndGlobalSection
	GlobalSection(ExtensibilityGlobals) = postSolution
		SolutionGuid = {0B96EBC4-AA04-4162-9D7B-09823F37DC44}
	EndGlobalSection
EndGlobal
